
Microsoft Visual Studio Solution File, Format Version 12.00
# Visual Studio Version 16
VisualStudioVersion = 16.0.30128.74
MinimumVisualStudioVersion = 10.0.40219.1
Project("{9A19103F-16F7-4668-BE54-9A1E7A4F7556}") = "PeopleWebApi", "PeopleWebApi.csproj", "{CE37E559-9E97-429A-8C5F-725602374601}"
EndProject
Project("{9A19103F-16F7-4668-BE54-9A1E7A4F7556}") = "NUnitTestProject", "..\NUnitTestProject\NUnitTestProject.csproj", "{7AD9D371-F7FD-4075-8227-1EFE0E135F1E}"
EndProject
Global
	GlobalSection(SolutionConfigurationPlatforms) = preSolution
		Debug|Any CPU = Debug|Any CPU
		Release|Any CPU = Release|Any CPU
	EndGlobalSection
	GlobalSection(ProjectConfigurationPlatforms) = postSolution
		{CE37E559-9E97-429A-8C5F-725602374601}.Debug|Any CPU.ActiveCfg = Debug|Any CPU
		{CE37E559-9E97-429A-8C5F-725602374601}.Debug|Any CPU.Build.0 = Debug|Any CPU
		{CE37E559-9E97-429A-8C5F-725602374601}.Release|Any CPU.ActiveCfg = Release|Any CPU
		{CE37E559-9E97-429A-8C5F-725602374601}.Release|Any CPU.Build.0 = Release|Any CPU
		{7AD9D371-F7FD-4075-8227-1EFE0E135F1E}.Debug|Any CPU.ActiveCfg = Debug|Any CPU
		{7AD9D371-F7FD-4075-8227-1EFE0E135F1E}.Debug|Any CPU.Build.0 = Debug|Any CPU
		{7AD9D371-F7FD-4075-8227-1EFE0E135F1E}.Release|Any CPU.ActiveCfg = Release|Any CPU
		{7AD9D371-F7FD-4075-8227-1EFE0E135F1E}.Release|Any CPU.Build.0 = Release|Any CPU
	EndGlobalSection
	GlobalSection(SolutionProperties) = preSolution
		HideSolutionNode = FALSE
	EndGlobalSection
	GlobalSection(ExtensibilityGlobals) = postSolution
		SolutionGuid = {82D90B4D-F1D4-4030-80D9-DD724ECF06B7}
	EndGlobalSection
EndGlobal
